
Microsoft Visual Studio Solution File, Format Version 12.00
# Visual Studio Version 17
VisualStudioVersion = 17.13.35825.156 d17.13
MinimumVisualStudioVersion = 10.0.40219.1
Project("{FAE04EC0-301F-11D3-BF4B-00C04F79EFBC}") = "Pre.BasicStreams.Cons", "Pre.BasicStreams.Cons\Pre.BasicStreams.Cons.csproj", "{878D41DB-6E34-4F5D-8CB2-9764B178338E}"
EndProject
Global
	GlobalSection(SolutionConfigurationPlatforms) = preSolution
		Debug|Any CPU = Debug|Any CPU
		Release|Any CPU = Release|Any CPU
	EndGlobalSection
	GlobalSection(ProjectConfigurationPlatforms) = postSolution
		{878D41DB-6E34-4F5D-8CB2-9764B178338E}.Debug|Any CPU.ActiveCfg = Debug|Any CPU
		{878D41DB-6E34-4F5D-8CB2-9764B178338E}.Debug|Any CPU.Build.0 = Debug|Any CPU
		{878D41DB-6E34-4F5D-8CB2-9764B178338E}.Release|Any CPU.ActiveCfg = Release|Any CPU
		{878D41DB-6E34-4F5D-8CB2-9764B178338E}.Release|Any CPU.Build.0 = Release|Any CPU
	EndGlobalSection
	GlobalSection(SolutionProperties) = preSolution
		HideSolutionNode = FALSE
	EndGlobalSection
	GlobalSection(ExtensibilityGlobals) = postSolution
		SolutionGuid = {805AE706-45D2-4279-8470-A31EB7FB7C5F}
	EndGlobalSection
EndGlobal
